<?xml version="1.0" encoding="utf-8"?>
<Project ToolsVersion="4.0" xmlns="http://schemas.microsoft.com/developer/msbuild/2003">
  <ItemGroup>
    <Filter Include="Source Files">
      <UniqueIdentifier>{4FC737F1-C7A5-4376-A066-2A32D752A2FF}</UniqueIdentifier>
      <Extensions>cpp;c;cc;cxx;def;odl;idl;hpj;bat;asm;asmx</Extensions>
    </Filter>
    <Filter Include="Header Files">
      <UniqueIdentifier>{93995380-89BD-4b04-88EB-625FBE52EBFB}</UniqueIdentifier>
      <Extensions>h;hpp;hxx;hm;inl;inc;xsd</Extensions>
    </Filter>
    <Filter Include="Resource Files">
      <UniqueIdentifier>{67DA6AB6-F800-4c08-8B7A-83BB121AAD01}</UniqueIdentifier>
      <Extensions>rc;ico;cur;bmp;dlg;rc2;rct;bin;rgs;gif;jpg;jpeg;jpe;resx;tiff;tif;png;wav;mfcribbon-ms</Extensions>
    </Filter>
    <Filter Include="DataSources">
      <UniqueIdentifier>{23a98ba2-ee63-4600-be10-3d2ba5c3b724}</UniqueIdentifier>
    </Filter>
  </ItemGroup>
  <ItemGroup>
    <None Include="ReadMe.txt" />
    <None Include="app.ico">
      <Filter>Resource Files</Filter>
    </None>
    <None Include="Form11.datasource">
      <Filter>DataSources</Filter>
    </None>
    <None Include="ip_hdr.datasource">
      <Filter>DataSources</Filter>
    </None>
    <None Include="udp_hdr.datasource">
      <Filter>DataSources</Filter>
    </None>
    <None Include="UDPWin.datasource">
      <Filter>DataSources</Filter>
    </None>
    <None Include="Local_address.sql" />
  </ItemGroup>
  <ItemGroup>
    <ClCompile Include="UDP_Win_test.cpp">
      <Filter>Source Files</Filter>
    </ClCompile>
    <ClCompile Include="AssemblyInfo.cpp">
      <Filter>Source Files</Filter>
    </ClCompile>
    <ClCompile Include="stdafx.cpp">
      <Filter>Source Files</Filter>
    </ClCompile>
    <ClCompile Include="UDPWin.cpp">
      <Filter>Source Files</Filter>
    </ClCompile>
    <ClCompile Include="YUVEncoder.cpp">
      <Filter>Source Files</Filter>
    </ClCompile>
    <ClCompile Include="PlayVideoDataProtocol.cpp">
      <Filter>Source Files</Filter>
    </ClCompile>
    <ClCompile Include="ACCEncoder.cpp">
      <Filter>Source Files</Filter>
    </ClCompile>
    <ClCompile Include="MulticastUDP.cpp">
      <Filter>Source Files</Filter>
    </ClCompile>
    <ClCompile Include="Class_HKcard_4008.cpp">
      <Filter>Source Files</Filter>
    </ClCompile>
    <ClCompile Include="H264DecodeYUV.cpp">
      <Filter>Source Files</Filter>
    </ClCompile>
    <ClCompile Include="Mp3Decoder.cpp">
      <Filter>Source Files</Filter>
    </ClCompile>
    <ClCompile Include="Form1_act.cpp">
      <Filter>Source Files</Filter>
    </ClCompile>
    <ClCompile Include="Osdchar.cpp">
      <Filter>Source Files</Filter>
    </ClCompile>
    <ClCompile Include="NoticePanelform.cpp">
      <Filter>Source Files</Filter>
    </ClCompile>
  </ItemGroup>
  <ItemGroup>
    <ClInclude Include="Form1.h">
      <Filter>Header Files</Filter>
    </ClInclude>
    <ClInclude Include="stdafx.h">
      <Filter>Header Files</Filter>
    </ClInclude>
    <ClInclude Include="resource.h">
      <Filter>Header Files</Filter>
    </ClInclude>
    <ClInclude Include="UDPWin.h">
      <Filter>Header Files</Filter>
    </ClInclude>
    <ClInclude Include="PlayVideoDataProtocol.h">
      <Filter>Header Files</Filter>
    </ClInclude>
    <ClInclude Include="YUVEncoder.h">
      <Filter>Header Files</Filter>
    </ClInclude>
    <ClInclude Include="ACCEncoder.h">
      <Filter>Header Files</Filter>
    </ClInclude>
    <ClInclude Include="MulticastUDP.h">
      <Filter>Header Files</Filter>
    </ClInclude>
    <ClInclude Include="Class_HKcard_4008.h">
      <Filter>Header Files</Filter>
    </ClInclude>
    <ClInclude Include="H264DecodeYUV.h">
      <Filter>Header Files</Filter>
    </ClInclude>
    <ClInclude Include="Mp3Decoder.h">
      <Filter>Header Files</Filter>
    </ClInclude>
    <ClInclude Include="Osdchar.h">
      <Filter>Header Files</Filter>
    </ClInclude>
    <ClInclude Include="NoticePanelform.h">
      <Filter>Header Files</Filter>
    </ClInclude>
  </ItemGroup>
  <ItemGroup>
    <ResourceCompile Include="app.rc">
      <Filter>Resource Files</Filter>
    </ResourceCompile>
  </ItemGroup>
  <ItemGroup>
    <EmbeddedResource Include="Form1.resX">
      <Filter>Resource Files</Filter>
    </EmbeddedResource>
  </ItemGroup>
</Project>